// !$*UTF8*$!
{
	archiveVersion = 1;
	classes = {
	};
	objectVersion = 46;
	objects = {

/* Begin PBXBuildFile section */
		530C8F3E167752D800F6BE9C /* UIKit.framework in Frameworks */ = {isa = PBXBuildFile; fileRef = 530C8F3D167752D800F6BE9C /* UIKit.framework */; };
		530C8F40167752D800F6BE9C /* Foundation.framework in Frameworks */ = {isa = PBXBuildFile; fileRef = 530C8F3F167752D800F6BE9C /* Foundation.framework */; };
		530C8F42167752D800F6BE9C /* CoreGraphics.framework in Frameworks */ = {isa = PBXBuildFile; fileRef = 530C8F41167752D800F6BE9C /* CoreGraphics.framework */; };
		530C8F48167752D800F6BE9C /* InfoPlist.strings in Resources */ = {isa = PBXBuildFile; fileRef = 530C8F46167752D800F6BE9C /* InfoPlist.strings */; };
		530C8F4A167752D800F6BE9C /* main.m in Sources */ = {isa = PBXBuildFile; fileRef = 530C8F49167752D800F6BE9C /* main.m */; };
		530C8F4E167752D800F6BE9C /* AppDelegate.m in Sources */ = {isa = PBXBuildFile; fileRef = 530C8F4D167752D800F6BE9C /* AppDelegate.m */; };
		530C8F51167752D800F6BE9C /* ViewController.m in Sources */ = {isa = PBXBuildFile; fileRef = 530C8F50167752D800F6BE9C /* ViewController.m */; };
		530C8F54167752D800F6BE9C /* ViewController.xib in Resources */ = {isa = PBXBuildFile; fileRef = 530C8F52167752D800F6BE9C /* ViewController.xib */; };
		530C8F5F1677595700F6BE9C /* add.png in Resources */ = {isa = PBXBuildFile; fileRef = 530C8F5D1677595700F6BE9C /* add.png */; };
		530C8F601677595700F6BE9C /* remove.png in Resources */ = {isa = PBXBuildFile; fileRef = 530C8F5E1677595700F6BE9C /* remove.png */; };
		530C8F6416775F1500F6BE9C /* MapDirectionsViewController.m in Sources */ = {isa = PBXBuildFile; fileRef = 530C8F6216775F1500F6BE9C /* MapDirectionsViewController.m */; };
		530C8F6516775F1500F6BE9C /* MapDirectionsViewController.xib in Resources */ = {isa = PBXBuildFile; fileRef = 530C8F6316775F1500F6BE9C /* MapDirectionsViewController.xib */; };
		530C8F6716775F6100F6BE9C /* MapKit.framework in Frameworks */ = {isa = PBXBuildFile; fileRef = 530C8F6616775F6100F6BE9C /* MapKit.framework */; };
		5396BD49167B3C45000EA03D /* CoreLocation.framework in Frameworks */ = {isa = PBXBuildFile; fileRef = 5396BD48167B3C45000EA03D /* CoreLocation.framework */; };
		53D13675167C4548007C7A50 /* reticle.png in Resources */ = {isa = PBXBuildFile; fileRef = 53D13674167C4548007C7A50 /* reticle.png */; };
		53D13678167C456C007C7A50 /* list.png in Resources */ = {isa = PBXBuildFile; fileRef = 53D13677167C456C007C7A50 /* list.png */; };
/* End PBXBuildFile section */

/* Begin PBXFileReference section */
		530C8F39167752D800F6BE9C /* MapRouteKP.app */ = {isa = PBXFileReference; explicitFileType = wrapper.application; includeInIndex = 0; path = MapRouteKP.app; sourceTree = BUILT_PRODUCTS_DIR; };
		530C8F3D167752D800F6BE9C /* UIKit.framework */ = {isa = PBXFileReference; lastKnownFileType = wrapper.framework; name = UIKit.framework; path = System/Library/Frameworks/UIKit.framework; sourceTree = SDKROOT; };
		530C8F3F167752D800F6BE9C /* Foundation.framework */ = {isa = PBXFileReference; lastKnownFileType = wrapper.framework; name = Foundation.framework; path = System/Library/Frameworks/Foundation.framework; sourceTree = SDKROOT; };
		530C8F41167752D800F6BE9C /* CoreGraphics.framework */ = {isa = PBXFileReference; lastKnownFileType = wrapper.framework; name = CoreGraphics.framework; path = System/Library/Frameworks/CoreGraphics.framework; sourceTree = SDKROOT; };
		530C8F45167752D800F6BE9C /* MapRouteKP-Info.plist */ = {isa = PBXFileReference; lastKnownFileType = text.plist.xml; path = "MapRouteKP-Info.plist"; sourceTree = "<group>"; };
		530C8F47167752D800F6BE9C /* en */ = {isa = PBXFileReference; lastKnownFileType = text.plist.strings; name = en; path = en.lproj/InfoPlist.strings; sourceTree = "<group>"; };
		530C8F49167752D800F6BE9C /* main.m */ = {isa = PBXFileReference; lastKnownFileType = sourcecode.c.objc; path = main.m; sourceTree = "<group>"; };
		530C8F4B167752D800F6BE9C /* MapRouteKP-Prefix.pch */ = {isa = PBXFileReference; lastKnownFileType = sourcecode.c.h; path = "MapRouteKP-Prefix.pch"; sourceTree = "<group>"; };
		530C8F4C167752D800F6BE9C /* AppDelegate.h */ = {isa = PBXFileReference; lastKnownFileType = sourcecode.c.h; path = AppDelegate.h; sourceTree = "<group>"; };
		530C8F4D167752D800F6BE9C /* AppDelegate.m */ = {isa = PBXFileReference; lastKnownFileType = sourcecode.c.objc; path = AppDelegate.m; sourceTree = "<group>"; };
		530C8F4F167752D800F6BE9C /* ViewController.h */ = {isa = PBXFileReference; lastKnownFileType = sourcecode.c.h; path = ViewController.h; sourceTree = "<group>"; };
		530C8F50167752D800F6BE9C /* ViewController.m */ = {isa = PBXFileReference; lastKnownFileType = sourcecode.c.objc; path = ViewController.m; sourceTree = "<group>"; };
		530C8F53167752D800F6BE9C /* en */ = {isa = PBXFileReference; lastKnownFileType = file.xib; name = en; path = en.lproj/ViewController.xib; sourceTree = "<group>"; };
		530C8F5D1677595700F6BE9C /* add.png */ = {isa = PBXFileReference; lastKnownFileType = image.png; path = add.png; sourceTree = "<group>"; };
		530C8F5E1677595700F6BE9C /* remove.png */ = {isa = PBXFileReference; lastKnownFileType = image.png; path = remove.png; sourceTree = "<group>"; };
		530C8F6116775F1500F6BE9C /* MapDirectionsViewController.h */ = {isa = PBXFileReference; fileEncoding = 4; lastKnownFileType = sourcecode.c.h; path = MapDirectionsViewController.h; sourceTree = "<group>"; };
		530C8F6216775F1500F6BE9C /* MapDirectionsViewController.m */ = {isa = PBXFileReference; fileEncoding = 4; lastKnownFileType = sourcecode.c.objc; path = MapDirectionsViewController.m; sourceTree = "<group>"; };
		530C8F6316775F1500F6BE9C /* MapDirectionsViewController.xib */ = {isa = PBXFileReference; fileEncoding = 4; lastKnownFileType = file.xib; path = MapDirectionsViewController.xib; sourceTree = "<group>"; };
		530C8F6616775F6100F6BE9C /* MapKit.framework */ = {isa = PBXFileReference; lastKnownFileType = wrapper.framework; name = MapKit.framework; path = System/Library/Frameworks/MapKit.framework; sourceTree = SDKROOT; };
		5396BD48167B3C45000EA03D /* CoreLocation.framework */ = {isa = PBXFileReference; lastKnownFileType = wrapper.framework; name = CoreLocation.framework; path = System/Library/Frameworks/CoreLocation.framework; sourceTree = SDKROOT; };
		53D13674167C4548007C7A50 /* reticle.png */ = {isa = PBXFileReference; lastKnownFileType = image.png; path = reticle.png; sourceTree = "<group>"; };
		53D13677167C456C007C7A50 /* list.png */ = {isa = PBXFileReference; lastKnownFileType = image.png; path = list.png; sourceTree = "<group>"; };
/* End PBXFileReference section */

/* Begin PBXFrameworksBuildPhase section */
		530C8F36167752D800F6BE9C /* Frameworks */ = {
			isa = PBXFrameworksBuildPhase;
			buildActionMask = 2147483647;
			files = (
				5396BD49167B3C45000EA03D /* CoreLocation.framework in Frameworks */,
				530C8F6716775F6100F6BE9C /* MapKit.framework in Frameworks */,
				530C8F3E167752D800F6BE9C /* UIKit.framework in Frameworks */,
				530C8F40167752D800F6BE9C /* Foundation.framework in Frameworks */,
				530C8F42167752D800F6BE9C /* CoreGraphics.framework in Frameworks */,
			);
			runOnlyForDeploymentPostprocessing = 0;
		};
/* End PBXFrameworksBuildPhase section */

/* Begin PBXGroup section */
		530C8F2E167752D800F6BE9C = {
			isa = PBXGroup;
			children = (
				530C8F43167752D800F6BE9C /* MapRouteKP */,
				530C8F3C167752D800F6BE9C /* Frameworks */,
				530C8F3A167752D800F6BE9C /* Products */,
			);
			sourceTree = "<group>";
		};
		530C8F3A167752D800F6BE9C /* Products */ = {
			isa = PBXGroup;
			children = (
				530C8F39167752D800F6BE9C /* MapRouteKP.app */,
			);
			name = Products;
			sourceTree = "<group>";
		};
		530C8F3C167752D800F6BE9C /* Frameworks */ = {
			isa = PBXGroup;
			children = (
				5396BD48167B3C45000EA03D /* CoreLocation.framework */,
				530C8F6616775F6100F6BE9C /* MapKit.framework */,
				530C8F3D167752D800F6BE9C /* UIKit.framework */,
				530C8F3F167752D800F6BE9C /* Foundation.framework */,
				530C8F41167752D800F6BE9C /* CoreGraphics.framework */,
			);
			name = Frameworks;
			sourceTree = "<group>";
		};
		530C8F43167752D800F6BE9C /* MapRouteKP */ = {
			isa = PBXGroup;
			children = (
				530C8F6A1677600300F6BE9C /* Classes */,
				530C8F6916775FDF00F6BE9C /* XIB */,
				530C8F6816775FD300F6BE9C /* Images */,
				530C8F44167752D800F6BE9C /* Supporting Files */,
			);
			path = MapRouteKP;
			sourceTree = "<group>";
		};
		530C8F44167752D800F6BE9C /* Supporting Files */ = {
			isa = PBXGroup;
			children = (
				530C8F45167752D800F6BE9C /* MapRouteKP-Info.plist */,
				530C8F46167752D800F6BE9C /* InfoPlist.strings */,
				530C8F49167752D800F6BE9C /* main.m */,
				530C8F4B167752D800F6BE9C /* MapRouteKP-Prefix.pch */,
			);
			name = "Supporting Files";
			sourceTree = "<group>";
		};
		530C8F6816775FD300F6BE9C /* Images */ = {
			isa = PBXGroup;
			children = (
				53D13674167C4548007C7A50 /* reticle.png */,
				53D13677167C456C007C7A50 /* list.png */,
				530C8F5D1677595700F6BE9C /* add.png */,
				530C8F5E1677595700F6BE9C /* remove.png */,
			);
			name = Images;
			sourceTree = "<group>";
		};
		530C8F6916775FDF00F6BE9C /* XIB */ = {
			isa = PBXGroup;
			children = (
				530C8F52167752D800F6BE9C /* ViewController.xib */,
				530C8F6316775F1500F6BE9C /* MapDirectionsViewController.xib */,
			);
			name = XIB;
			sourceTree = "<group>";
		};
		530C8F6A1677600300F6BE9C /* Classes */ = {
			isa = PBXGroup;
			children = (
				530C8F4C167752D800F6BE9C /* AppDelegate.h */,
				530C8F4D167752D800F6BE9C /* AppDelegate.m */,
				530C8F4F167752D800F6BE9C /* ViewController.h */,
				530C8F50167752D800F6BE9C /* ViewController.m */,
				530C8F6116775F1500F6BE9C /* MapDirectionsViewController.h */,
				530C8F6216775F1500F6BE9C /* MapDirectionsViewController.m */,
			);
			name = Classes;
			sourceTree = "<group>";
		};
/* End PBXGroup section */

/* Begin PBXNativeTarget section */
		530C8F38167752D800F6BE9C /* MapRouteKP */ = {
			isa = PBXNativeTarget;
			buildConfigurationList = 530C8F57167752D800F6BE9C /* Build configuration list for PBXNativeTarget "MapRouteKP" */;
			buildPhases = (
				530C8F35167752D800F6BE9C /* Sources */,
				530C8F36167752D800F6BE9C /* Frameworks */,
				530C8F37167752D800F6BE9C /* Resources */,
			);
			buildRules = (
			);
			dependencies = (
			);
			name = MapRouteKP;
			productName = MapRouteKP;
			productReference = 530C8F39167752D800F6BE9C /* MapRouteKP.app */;
			productType = "com.apple.product-type.application";
		};
/* End PBXNativeTarget section */

/* Begin PBXProject section */
		530C8F30167752D800F6BE9C /* Project object */ = {
			isa = PBXProject;
			attributes = {
				LastUpgradeCheck = 0420;
			};
			buildConfigurationList = 530C8F33167752D800F6BE9C /* Build configuration list for PBXProject "MapRouteKP" */;
			compatibilityVersion = "Xcode 3.2";
			developmentRegion = English;
			hasScannedForEncodings = 0;
			knownRegions = (
				en,
			);
			mainGroup = 530C8F2E167752D800F6BE9C;
			productRefGroup = 530C8F3A167752D800F6BE9C /* Products */;
			projectDirPath = "";
			projectRoot = "";
			targets = (
				530C8F38167752D800F6BE9C /* MapRouteKP */,
			);
		};
/* End PBXProject section */

/* Begin PBXResourcesBuildPhase section */
		530C8F37167752D800F6BE9C /* Resources */ = {
			isa = PBXResourcesBuildPhase;
			buildActionMask = 2147483647;
			files = (
				530C8F48167752D800F6BE9C /* InfoPlist.strings in Resources */,
				530C8F54167752D800F6BE9C /* ViewController.xib in Resources */,
				530C8F5F1677595700F6BE9C /* add.png in Resources */,
				530C8F601677595700F6BE9C /* remove.png in Resources */,
				530C8F6516775F1500F6BE9C /* MapDirectionsViewController.xib in Resources */,
				53D13675167C4548007C7A50 /* reticle.png in Resources */,
				53D13678167C456C007C7A50 /* list.png in Resources */,
			);
			runOnlyForDeploymentPostprocessing = 0;
		};
/* End PBXResourcesBuildPhase section */

/* Begin PBXSourcesBuildPhase section */
		530C8F35167752D800F6BE9C /* Sources */ = {
			isa = PBXSourcesBuildPhase;
			buildActionMask = 2147483647;
			files = (
				530C8F4A167752D800F6BE9C /* main.m in Sources */,
				530C8F4E167752D800F6BE9C /* AppDelegate.m in Sources */,
				530C8F51167752D800F6BE9C /* ViewController.m in Sources */,
				530C8F6416775F1500F6BE9C /* MapDirectionsViewController.m in Sources */,
			);
			runOnlyForDeploymentPostprocessing = 0;
		};
/* End PBXSourcesBuildPhase section */

/* Begin PBXVariantGroup section */
		530C8F46167752D800F6BE9C /* InfoPlist.strings */ = {
			isa = PBXVariantGroup;
			children = (
				530C8F47167752D800F6BE9C /* en */,
			);
			name = InfoPlist.strings;
			sourceTree = "<group>";
		};
		530C8F52167752D800F6BE9C /* ViewController.xib */ = {
			isa = PBXVariantGroup;
			children = (
				530C8F53167752D800F6BE9C /* en */,
			);
			name = ViewController.xib;
			sourceTree = "<group>";
		};
/* End PBXVariantGroup section */

/* Begin XCBuildConfiguration section */
		530C8F55167752D800F6BE9C /* Debug */ = {
			isa = XCBuildConfiguration;
			buildSettings = {
				ALWAYS_SEARCH_USER_PATHS = NO;
				ARCHS = "$(ARCHS_STANDARD_32_BIT)";
				CLANG_ENABLE_OBJC_ARC = YES;
				"CODE_SIGN_IDENTITY[sdk=iphoneos*]" = "iPhone Developer";
				COPY_PHASE_STRIP = NO;
				GCC_C_LANGUAGE_STANDARD = gnu99;
				GCC_DYNAMIC_NO_PIC = NO;
				GCC_OPTIMIZATION_LEVEL = 0;
				GCC_PREPROCESSOR_DEFINITIONS = (
					"DEBUG=1",
					"$(inherited)",
				);
				GCC_SYMBOLS_PRIVATE_EXTERN = NO;
				GCC_VERSION = com.apple.compilers.llvm.clang.1_0;
				GCC_WARN_ABOUT_MISSING_PROTOTYPES = YES;
				GCC_WARN_ABOUT_RETURN_TYPE = YES;
				GCC_WARN_UNUSED_VARIABLE = YES;
				IPHONEOS_DEPLOYMENT_TARGET = 5.0;
				SDKROOT = iphoneos;
			};
			name = Debug;
		};
		530C8F56167752D800F6BE9C /* Release */ = {
			isa = XCBuildConfiguration;
			buildSettings = {
				ALWAYS_SEARCH_USER_PATHS = NO;
				ARCHS = "$(ARCHS_STANDARD_32_BIT)";
				CLANG_ENABLE_OBJC_ARC = YES;
				"CODE_SIGN_IDENTITY[sdk=iphoneos*]" = "iPhone Developer";
				COPY_PHASE_STRIP = YES;
				GCC_C_LANGUAGE_STANDARD = gnu99;
				GCC_VERSION = com.apple.compilers.llvm.clang.1_0;
				GCC_WARN_ABOUT_MISSING_PROTOTYPES = YES;
				GCC_WARN_ABOUT_RETURN_TYPE = YES;
				GCC_WARN_UNUSED_VARIABLE = YES;
				IPHONEOS_DEPLOYMENT_TARGET = 5.0;
				OTHER_CFLAGS = "-DNS_BLOCK_ASSERTIONS=1";
				SDKROOT = iphoneos;
				VALIDATE_PRODUCT = YES;
			};
			name = Release;
		};
		530C8F58167752D800F6BE9C /* Debug */ = {
			isa = XCBuildConfiguration;
			buildSettings = {
				GCC_PRECOMPILE_PREFIX_HEADER = YES;
				GCC_PREFIX_HEADER = "MapRouteKP/MapRouteKP-Prefix.pch";
				INFOPLIST_FILE = "MapRouteKP/MapRouteKP-Info.plist";
				PRODUCT_NAME = "$(TARGET_NAME)";
				WRAPPER_EXTENSION = app;
			};
			name = Debug;
		};
		530C8F59167752D800F6BE9C /* Release */ = {
			isa = XCBuildConfiguration;
			buildSettings = {
				GCC_PRECOMPILE_PREFIX_HEADER = YES;
				GCC_PREFIX_HEADER = "MapRouteKP/MapRouteKP-Prefix.pch";
				INFOPLIST_FILE = "MapRouteKP/MapRouteKP-Info.plist";
				PRODUCT_NAME = "$(TARGET_NAME)";
				WRAPPER_EXTENSION = app;
			};
			name = Release;
		};
/* End XCBuildConfiguration section */

/* Begin XCConfigurationList section */
		530C8F33167752D800F6BE9C /* Build configuration list for PBXProject "MapRouteKP" */ = {
			isa = XCConfigurationList;
			buildConfigurations = (
				530C8F55167752D800F6BE9C /* Debug */,
				530C8F56167752D800F6BE9C /* Release */,
			);
			defaultConfigurationIsVisible = 0;
			defaultConfigurationName = Release;
		};
		530C8F57167752D800F6BE9C /* Build configuration list for PBXNativeTarget "MapRouteKP" */ = {
			isa = XCConfigurationList;
			buildConfigurations = (
				530C8F58167752D800F6BE9C /* Debug */,
				530C8F59167752D800F6BE9C /* Release */,
			);
			defaultConfigurationIsVisible = 0;
			defaultConfigurationName = Release;
		};
/* End XCConfigurationList section */
	};
	rootObject = 530C8F30167752D800F6BE9C /* Project object */;
}
